Microsoft Visual Studio Solution File, Format Version 11.00
# Visual Studio 2008

Project("{875B8541-07B4-08D2-899C-CE9DFF917E70}") = "rol", "Assembly-CSharp.csproj", "{DF48B17A-63FA-F22E-9FEA-870DDABC49C8}"
EndProject
Global
	GlobalSection(SolutionConfigurationPlatforms) = preSolution
		Debug|Any CPU = Debug|Any CPU
		Release|Any CPU = Release|Any CPU
	EndGlobalSection
	GlobalSection(ProjectConfigurationPlatforms) = postSolution
		{DF48B17A-63FA-F22E-9FEA-870DDABC49C8}.Debug|Any CPU.ActiveCfg = Debug|Any CPU
		{DF48B17A-63FA-F22E-9FEA-870DDABC49C8}.Debug|Any CPU.Build.0 = Debug|Any CPU
		{DF48B17A-63FA-F22E-9FEA-870DDABC49C8}.Release|Any CPU.ActiveCfg = Release|Any CPU
		{DF48B17A-63FA-F22E-9FEA-870DDABC49C8}.Release|Any CPU.Build.0 = Release|Any CPU
	EndGlobalSection
	GlobalSection(SolutionProperties) = preSolution
		HideSolutionNode = FALSE
	EndGlobalSection
	GlobalSection(MonoDevelopProperties) = preSolution
		StartupItem = Assembly-CSharp.csproj
	EndGlobalSection
EndGlobal
